// !$*UTF8*$!
{
	archiveVersion = 1;
	classes = {
	};
	objectVersion = 50;
	objects = {

/* Begin PBXBuildFile section */
		A11AC51424167D30006C5BD8 /* AnalogIn.swift in Sources */ = {isa = PBXBuildFile; fileRef = A11AC51224167D30006C5BD8 /* AnalogIn.swift */; };
		A11AC51524167D30006C5BD8 /* DigitalIn.swift in Sources */ = {isa = PBXBuildFile; fileRef = A11AC51324167D30006C5BD8 /* DigitalIn.swift */; };
		A11AC51B24167DB4006C5BD8 /* DigitalOut.swift in Sources */ = {isa = PBXBuildFile; fileRef = A11AC51624167DB4006C5BD8 /* DigitalOut.swift */; };
		A11AC51C24167DB4006C5BD8 /* PWMOut.swift in Sources */ = {isa = PBXBuildFile; fileRef = A11AC51724167DB4006C5BD8 /* PWMOut.swift */; };
		A11AC51D24167DB4006C5BD8 /* I2C.swift in Sources */ = {isa = PBXBuildFile; fileRef = A11AC51824167DB4006C5BD8 /* I2C.swift */; };
		A11AC51E24167DB4006C5BD8 /* Platform.swift in Sources */ = {isa = PBXBuildFile; fileRef = A11AC51924167DB4006C5BD8 /* Platform.swift */; };
		A11AC51F24167DB4006C5BD8 /* SPI.swift in Sources */ = {isa = PBXBuildFile; fileRef = A11AC51A24167DB4006C5BD8 /* SPI.swift */; };
		A11AC52224167DBF006C5BD8 /* UART.swift in Sources */ = {isa = PBXBuildFile; fileRef = A11AC52024167DBF006C5BD8 /* UART.swift */; };
		A11AC52324167DBF006C5BD8 /* Timer.swift in Sources */ = {isa = PBXBuildFile; fileRef = A11AC52124167DBF006C5BD8 /* Timer.swift */; };
/* End PBXBuildFile section */

/* Begin PBXCopyFilesBuildPhase section */
		A11AC50424167C63006C5BD8 /* CopyFiles */ = {
			isa = PBXCopyFilesBuildPhase;
			buildActionMask = 2147483647;
			dstPath = "include/$(PRODUCT_NAME)";
			dstSubfolderSpec = 16;
			files = (
			);
			runOnlyForDeploymentPostprocessing = 0;
		};
/* End PBXCopyFilesBuildPhase section */

/* Begin PBXFileReference section */
		A11AC50624167C63006C5BD8 /* libSwiftIO.a */ = {isa = PBXFileReference; explicitFileType = archive.ar; includeInIndex = 0; path = libSwiftIO.a; sourceTree = BUILT_PRODUCTS_DIR; };
		A11AC51224167D30006C5BD8 /* AnalogIn.swift */ = {isa = PBXFileReference; fileEncoding = 4; lastKnownFileType = sourcecode.swift; path = AnalogIn.swift; sourceTree = "<group>"; };
		A11AC51324167D30006C5BD8 /* DigitalIn.swift */ = {isa = PBXFileReference; fileEncoding = 4; lastKnownFileType = sourcecode.swift; path = DigitalIn.swift; sourceTree = "<group>"; };
		A11AC51624167DB4006C5BD8 /* DigitalOut.swift */ = {isa = PBXFileReference; fileEncoding = 4; lastKnownFileType = sourcecode.swift; path = DigitalOut.swift; sourceTree = "<group>"; };
		A11AC51724167DB4006C5BD8 /* PWMOut.swift */ = {isa = PBXFileReference; fileEncoding = 4; lastKnownFileType = sourcecode.swift; path = PWMOut.swift; sourceTree = "<group>"; };
		A11AC51824167DB4006C5BD8 /* I2C.swift */ = {isa = PBXFileReference; fileEncoding = 4; lastKnownFileType = sourcecode.swift; path = I2C.swift; sourceTree = "<group>"; };
		A11AC51924167DB4006C5BD8 /* Platform.swift */ = {isa = PBXFileReference; fileEncoding = 4; lastKnownFileType = sourcecode.swift; path = Platform.swift; sourceTree = "<group>"; };
		A11AC51A24167DB4006C5BD8 /* SPI.swift */ = {isa = PBXFileReference; fileEncoding = 4; lastKnownFileType = sourcecode.swift; path = SPI.swift; sourceTree = "<group>"; };
		A11AC52024167DBF006C5BD8 /* UART.swift */ = {isa = PBXFileReference; fileEncoding = 4; lastKnownFileType = sourcecode.swift; path = UART.swift; sourceTree = "<group>"; };
		A11AC52124167DBF006C5BD8 /* Timer.swift */ = {isa = PBXFileReference; fileEncoding = 4; lastKnownFileType = sourcecode.swift; path = Timer.swift; sourceTree = "<group>"; };
/* End PBXFileReference section */

/* Begin PBXFrameworksBuildPhase section */
		A11AC50324167C63006C5BD8 /* Frameworks */ = {
			isa = PBXFrameworksBuildPhase;
			buildActionMask = 2147483647;
			files = (
			);
			runOnlyForDeploymentPostprocessing = 0;
		};
/* End PBXFrameworksBuildPhase section */

/* Begin PBXGroup section */
		A11AC4FD24167C63006C5BD8 = {
			isa = PBXGroup;
			children = (
				A11AC51024167CAA006C5BD8 /* Sources */,
				A11AC50724167C63006C5BD8 /* Products */,
			);
			sourceTree = "<group>";
		};
		A11AC50724167C63006C5BD8 /* Products */ = {
			isa = PBXGroup;
			children = (
				A11AC50624167C63006C5BD8 /* libSwiftIO.a */,
			);
			name = Products;
			sourceTree = "<group>";
		};
		A11AC51024167CAA006C5BD8 /* Sources */ = {
			isa = PBXGroup;
			children = (
				A11AC51124167CB8006C5BD8 /* SwiftIO */,
			);
			path = Sources;
			sourceTree = "<group>";
		};
		A11AC51124167CB8006C5BD8 /* SwiftIO */ = {
			isa = PBXGroup;
			children = (
				A11AC52124167DBF006C5BD8 /* Timer.swift */,
				A11AC52024167DBF006C5BD8 /* UART.swift */,
				A11AC51624167DB4006C5BD8 /* DigitalOut.swift */,
				A11AC51824167DB4006C5BD8 /* I2C.swift */,
				A11AC51924167DB4006C5BD8 /* Platform.swift */,
				A11AC51724167DB4006C5BD8 /* PWMOut.swift */,
				A11AC51A24167DB4006C5BD8 /* SPI.swift */,
				A11AC51224167D30006C5BD8 /* AnalogIn.swift */,
				A11AC51324167D30006C5BD8 /* DigitalIn.swift */,
			);
			path = SwiftIO;
			sourceTree = "<group>";
		};
/* End PBXGroup section */

/* Begin PBXNativeTarget section */
		A11AC50524167C63006C5BD8 /* SwiftIO */ = {
			isa = PBXNativeTarget;
			buildConfigurationList = A11AC50D24167C63006C5BD8 /* Build configuration list for PBXNativeTarget "SwiftIO" */;
			buildPhases = (
				A11AC50224167C63006C5BD8 /* Sources */,
				A11AC50324167C63006C5BD8 /* Frameworks */,
				A11AC50424167C63006C5BD8 /* CopyFiles */,
			);
			buildRules = (
			);
			dependencies = (
			);
			name = SwiftIO;
			productName = SwiftIO;
			productReference = A11AC50624167C63006C5BD8 /* libSwiftIO.a */;
			productType = "com.apple.product-type.library.static";
		};
/* End PBXNativeTarget section */

/* Begin PBXProject section */
		A11AC4FE24167C63006C5BD8 /* Project object */ = {
			isa = PBXProject;
			attributes = {
				LastSwiftUpdateCheck = 1130;
				LastUpgradeCheck = 1130;
				ORGANIZATIONNAME = "Andy Liu";
				TargetAttributes = {
					A11AC50524167C63006C5BD8 = {
						CreatedOnToolsVersion = 11.3.1;
						LastSwiftMigration = 1130;
					};
				};
			};
			buildConfigurationList = A11AC50124167C63006C5BD8 /* Build configuration list for PBXProject "SwiftIO" */;
			compatibilityVersion = "Xcode 9.3";
			developmentRegion = en;
			hasScannedForEncodings = 0;
			knownRegions = (
				en,
				Base,
			);
			mainGroup = A11AC4FD24167C63006C5BD8;
			productRefGroup = A11AC50724167C63006C5BD8 /* Products */;
			projectDirPath = "";
			projectRoot = "";
			targets = (
				A11AC50524167C63006C5BD8 /* SwiftIO */,
			);
		};
/* End PBXProject section */

/* Begin PBXSourcesBuildPhase section */
		A11AC50224167C63006C5BD8 /* Sources */ = {
			isa = PBXSourcesBuildPhase;
			buildActionMask = 2147483647;
			files = (
				A11AC51F24167DB4006C5BD8 /* SPI.swift in Sources */,
				A11AC52224167DBF006C5BD8 /* UART.swift in Sources */,
				A11AC51E24167DB4006C5BD8 /* Platform.swift in Sources */,
				A11AC51424167D30006C5BD8 /* AnalogIn.swift in Sources */,
				A11AC51524167D30006C5BD8 /* DigitalIn.swift in Sources */,
				A11AC51B24167DB4006C5BD8 /* DigitalOut.swift in Sources */,
				A11AC52324167DBF006C5BD8 /* Timer.swift in Sources */,
				A11AC51C24167DB4006C5BD8 /* PWMOut.swift in Sources */,
				A11AC51D24167DB4006C5BD8 /* I2C.swift in Sources */,
			);
			runOnlyForDeploymentPostprocessing = 0;
		};
/* End PBXSourcesBuildPhase section */

/* Begin XCBuildConfiguration section */
		A11AC50B24167C63006C5BD8 /* Debug */ = {
			isa = XCBuildConfiguration;
			buildSettings = {
				ALWAYS_SEARCH_USER_PATHS = NO;
				CLANG_ANALYZER_NONNULL = YES;
				CLANG_ANALYZER_NUMBER_OBJECT_CONVERSION = YES_AGGRESSIVE;
				CLANG_CXX_LANGUAGE_STANDARD = "gnu++14";
				CLANG_CXX_LIBRARY = "libc++";
				CLANG_ENABLE_MODULES = YES;
				CLANG_ENABLE_OBJC_ARC = YES;
				CLANG_ENABLE_OBJC_WEAK = YES;
				CLANG_WARN_BLOCK_CAPTURE_AUTORELEASING = YES;
				CLANG_WARN_BOOL_CONVERSION = YES;
				CLANG_WARN_COMMA = YES;
				CLANG_WARN_CONSTANT_CONVERSION = YES;
				CLANG_WARN_DEPRECATED_OBJC_IMPLEMENTATIONS = YES;
				CLANG_WARN_DIRECT_OBJC_ISA_USAGE = YES_ERROR;
				CLANG_WARN_DOCUMENTATION_COMMENTS = YES;
				CLANG_WARN_EMPTY_BODY = YES;
				CLANG_WARN_ENUM_CONVERSION = YES;
				CLANG_WARN_INFINITE_RECURSION = YES;
				CLANG_WARN_INT_CONVERSION = YES;
				CLANG_WARN_NON_LITERAL_NULL_CONVERSION = YES;
				CLANG_WARN_OBJC_IMPLICIT_RETAIN_SELF = YES;
				CLANG_WARN_OBJC_LITERAL_CONVERSION = YES;
				CLANG_WARN_OBJC_ROOT_CLASS = YES_ERROR;
				CLANG_WARN_RANGE_LOOP_ANALYSIS = YES;
				CLANG_WARN_STRICT_PROTOTYPES = YES;
				CLANG_WARN_SUSPICIOUS_MOVE = YES;
				CLANG_WARN_UNGUARDED_AVAILABILITY = YES_AGGRESSIVE;
				CLANG_WARN_UNREACHABLE_CODE = YES;
				CLANG_WARN__DUPLICATE_METHOD_MATCH = YES;
				COPY_PHASE_STRIP = NO;
				DEBUG_INFORMATION_FORMAT = dwarf;
				ENABLE_STRICT_OBJC_MSGSEND = YES;
				ENABLE_TESTABILITY = YES;
				GCC_C_LANGUAGE_STANDARD = gnu11;
				GCC_DYNAMIC_NO_PIC = NO;
				GCC_NO_COMMON_BLOCKS = YES;
				GCC_OPTIMIZATION_LEVEL = 0;
				GCC_PREPROCESSOR_DEFINITIONS = (
					"DEBUG=1",
					"$(inherited)",
				);
				GCC_WARN_64_TO_32_BIT_CONVERSION = YES;
				GCC_WARN_ABOUT_RETURN_TYPE = YES_ERROR;
				GCC_WARN_UNDECLARED_SELECTOR = YES;
				GCC_WARN_UNINITIALIZED_AUTOS = YES_AGGRESSIVE;
				GCC_WARN_UNUSED_FUNCTION = YES;
				GCC_WARN_UNUSED_VARIABLE = YES;
				IPHONEOS_DEPLOYMENT_TARGET = 13.2;
				MTL_ENABLE_DEBUG_INFO = INCLUDE_SOURCE;
				MTL_FAST_MATH = YES;
				ONLY_ACTIVE_ARCH = YES;
				SDKROOT = iphoneos;
				SWIFT_ACTIVE_COMPILATION_CONDITIONS = DEBUG;
				SWIFT_OPTIMIZATION_LEVEL = "-Onone";
			};
			name = Debug;
		};
		A11AC50C24167C63006C5BD8 /* Release */ = {
			isa = XCBuildConfiguration;
			buildSettings = {
				ALWAYS_SEARCH_USER_PATHS = NO;
				CLANG_ANALYZER_NONNULL = YES;
				CLANG_ANALYZER_NUMBER_OBJECT_CONVERSION = YES_AGGRESSIVE;
				CLANG_CXX_LANGUAGE_STANDARD = "gnu++14";
				CLANG_CXX_LIBRARY = "libc++";
				CLANG_ENABLE_MODULES = YES;
				CLANG_ENABLE_OBJC_ARC = YES;
				CLANG_ENABLE_OBJC_WEAK = YES;
				CLANG_WARN_BLOCK_CAPTURE_AUTORELEASING = YES;
				CLANG_WARN_BOOL_CONVERSION = YES;
				CLANG_WARN_COMMA = YES;
				CLANG_WARN_CONSTANT_CONVERSION = YES;
				CLANG_WARN_DEPRECATED_OBJC_IMPLEMENTATIONS = YES;
				CLANG_WARN_DIRECT_OBJC_ISA_USAGE = YES_ERROR;
				CLANG_WARN_DOCUMENTATION_COMMENTS = YES;
				CLANG_WARN_EMPTY_BODY = YES;
				CLANG_WARN_ENUM_CONVERSION = YES;
				CLANG_WARN_INFINITE_RECURSION = YES;
				CLANG_WARN_INT_CONVERSION = YES;
				CLANG_WARN_NON_LITERAL_NULL_CONVERSION = YES;
				CLANG_WARN_OBJC_IMPLICIT_RETAIN_SELF = YES;
				CLANG_WARN_OBJC_LITERAL_CONVERSION = YES;
				CLANG_WARN_OBJC_ROOT_CLASS = YES_ERROR;
				CLANG_WARN_RANGE_LOOP_ANALYSIS = YES;
				CLANG_WARN_STRICT_PROTOTYPES = YES;
				CLANG_WARN_SUSPICIOUS_MOVE = YES;
				CLANG_WARN_UNGUARDED_AVAILABILITY = YES_AGGRESSIVE;
				CLANG_WARN_UNREACHABLE_CODE = YES;
				CLANG_WARN__DUPLICATE_METHOD_MATCH = YES;
				COPY_PHASE_STRIP = NO;
				DEBUG_INFORMATION_FORMAT = "dwarf-with-dsym";
				ENABLE_NS_ASSERTIONS = NO;
				ENABLE_STRICT_OBJC_MSGSEND = YES;
				GCC_C_LANGUAGE_STANDARD = gnu11;
				GCC_NO_COMMON_BLOCKS = YES;
				GCC_WARN_64_TO_32_BIT_CONVERSION = YES;
				GCC_WARN_ABOUT_RETURN_TYPE = YES_ERROR;
				GCC_WARN_UNDECLARED_SELECTOR = YES;
				GCC_WARN_UNINITIALIZED_AUTOS = YES_AGGRESSIVE;
				GCC_WARN_UNUSED_FUNCTION = YES;
				GCC_WARN_UNUSED_VARIABLE = YES;
				IPHONEOS_DEPLOYMENT_TARGET = 13.2;
				MTL_ENABLE_DEBUG_INFO = NO;
				MTL_FAST_MATH = YES;
				SDKROOT = iphoneos;
				SWIFT_COMPILATION_MODE = wholemodule;
				SWIFT_OPTIMIZATION_LEVEL = "-O";
				VALIDATE_PRODUCT = YES;
			};
			name = Release;
		};
		A11AC50E24167C63006C5BD8 /* Debug */ = {
			isa = XCBuildConfiguration;
			buildSettings = {
				CLANG_ENABLE_MODULES = YES;
				CODE_SIGN_STYLE = Automatic;
				DEVELOPMENT_TEAM = 7W95V287BN;
				LD_RUNPATH_SEARCH_PATHS = (
					"$(inherited)",
					"@executable_path/Frameworks",
					"@loader_path/Frameworks",
				);
				OTHER_LDFLAGS = "-ObjC";
				PRODUCT_NAME = "$(TARGET_NAME)";
				SKIP_INSTALL = YES;
				SWIFT_OPTIMIZATION_LEVEL = "-Onone";
				SWIFT_VERSION = 5.0;
				TARGETED_DEVICE_FAMILY = "1,2";
			};
			name = Debug;
		};
		A11AC50F24167C63006C5BD8 /* Release */ = {
			isa = XCBuildConfiguration;
			buildSettings = {
				CLANG_ENABLE_MODULES = YES;
				CODE_SIGN_STYLE = Automatic;
				DEVELOPMENT_TEAM = 7W95V287BN;
				LD_RUNPATH_SEARCH_PATHS = (
					"$(inherited)",
					"@executable_path/Frameworks",
					"@loader_path/Frameworks",
				);
				OTHER_LDFLAGS = "-ObjC";
				PRODUCT_NAME = "$(TARGET_NAME)";
				SKIP_INSTALL = YES;
				SWIFT_VERSION = 5.0;
				TARGETED_DEVICE_FAMILY = "1,2";
			};
			name = Release;
		};
/* End XCBuildConfiguration section */

/* Begin XCConfigurationList section */
		A11AC50124167C63006C5BD8 /* Build configuration list for PBXProject "SwiftIO" */ = {
			isa = XCConfigurationList;
			buildConfigurations = (
				A11AC50B24167C63006C5BD8 /* Debug */,
				A11AC50C24167C63006C5BD8 /* Release */,
			);
			defaultConfigurationIsVisible = 0;
			defaultConfigurationName = Release;
		};
		A11AC50D24167C63006C5BD8 /* Build configuration list for PBXNativeTarget "SwiftIO" */ = {
			isa = XCConfigurationList;
			buildConfigurations = (
				A11AC50E24167C63006C5BD8 /* Debug */,
				A11AC50F24167C63006C5BD8 /* Release */,
			);
			defaultConfigurationIsVisible = 0;
			defaultConfigurationName = Release;
		};
/* End XCConfigurationList section */
	};
	rootObject = A11AC4FE24167C63006C5BD8 /* Project object */;
}
